github.com/gomarkdown/markdown v0.0.0-20250311123330-531bef5e742b h1:EY/KpStFl60qA17CptGXhwfZ+k1sFNJIUNR8DdbcuUk=
github.com/gomarkdown/markdown v0.0.0-20250311123330-531bef5e742b/go.mod h1:JDGcbDT52eL4fju3sZ4TeHGsQwhG9nbDV21aMyhwPoA=
github.com/urfave/cli/v3 v3.3.2 h1:BYFVnhhZ8RqT38DxEYVFPPmGFTEf7tJwySTXsVRrS/o=
github.com/urfave/cli/v3 v3.3.2/go.mod h1:FJSKtM/9AiiTOJL4fJ6TbMUkxBXn7GO9guZqoZtpYpo=
